// !$*UTF8*$!
{
	archiveVersion = 1;
	classes = {
	};
	objectVersion = 50;
	objects = {

/* Begin PBXBuildFile section */
		B1698D76249A52E900A8B9D7 /* AppDelegate.m in Sources */ = {isa = PBXBuildFile; fileRef = B1698D75249A52E900A8B9D7 /* AppDelegate.m */; };
		B1698D79249A52E900A8B9D7 /* SceneDelegate.m in Sources */ = {isa = PBXBuildFile; fileRef = B1698D78249A52E900A8B9D7 /* SceneDelegate.m */; };
		B1698D7C249A52E900A8B9D7 /* ViewController.m in Sources */ = {isa = PBXBuildFile; fileRef = B1698D7B249A52E900A8B9D7 /* ViewController.m */; };
		B1698D7F249A52E900A8B9D7 /* Main.storyboard in Resources */ = {isa = PBXBuildFile; fileRef = B1698D7D249A52E900A8B9D7 /* Main.storyboard */; };
		B1698D82249A52EA00A8B9D7 /* CoreData_HW.xcdatamodeld in Sources */ = {isa = PBXBuildFile; fileRef = B1698D80249A52EA00A8B9D7 /* CoreData_HW.xcdatamodeld */; };
		B1698D84249A52ED00A8B9D7 /* Assets.xcassets in Resources */ = {isa = PBXBuildFile; fileRef = B1698D83249A52ED00A8B9D7 /* Assets.xcassets */; };
		B1698D87249A52ED00A8B9D7 /* LaunchScreen.storyboard in Resources */ = {isa = PBXBuildFile; fileRef = B1698D85249A52ED00A8B9D7 /* LaunchScreen.storyboard */; };
		B1698D8A249A52ED00A8B9D7 /* main.m in Sources */ = {isa = PBXBuildFile; fileRef = B1698D89249A52ED00A8B9D7 /* main.m */; };
		B1698D94249A52ED00A8B9D7 /* CoreData_HWTests.m in Sources */ = {isa = PBXBuildFile; fileRef = B1698D93249A52ED00A8B9D7 /* CoreData_HWTests.m */; };
		B1698D9F249A52EE00A8B9D7 /* CoreData_HWUITests.m in Sources */ = {isa = PBXBuildFile; fileRef = B1698D9E249A52EE00A8B9D7 /* CoreData_HWUITests.m */; };
		B1C82B9324A34B21002571EB /* User+CoreDataClass.m in Sources */ = {isa = PBXBuildFile; fileRef = B1C82B8F24A34834002571EB /* User+CoreDataClass.m */; };
		B1C82B9424A34B26002571EB /* User+CoreDataProperties.m in Sources */ = {isa = PBXBuildFile; fileRef = B1C82B9024A34834002571EB /* User+CoreDataProperties.m */; };
		B1C82B9A24A34CFE002571EB /* DataManager.m in Sources */ = {isa = PBXBuildFile; fileRef = B1C82B9924A34CFE002571EB /* DataManager.m */; };
		B1C82B9D24A352D6002571EB /* CoreDataTableViewController.m in Sources */ = {isa = PBXBuildFile; fileRef = B1C82B9C24A352D6002571EB /* CoreDataTableViewController.m */; };
/* End PBXBuildFile section */

/* Begin PBXContainerItemProxy section */
		B1698D90249A52ED00A8B9D7 /* PBXContainerItemProxy */ = {
			isa = PBXContainerItemProxy;
			containerPortal = B1698D69249A52E900A8B9D7 /* Project object */;
			proxyType = 1;
			remoteGlobalIDString = B1698D70249A52E900A8B9D7;
			remoteInfo = CoreData_HW;
		};
		B1698D9B249A52EE00A8B9D7 /* PBXContainerItemProxy */ = {
			isa = PBXContainerItemProxy;
			containerPortal = B1698D69249A52E900A8B9D7 /* Project object */;
			proxyType = 1;
			remoteGlobalIDString = B1698D70249A52E900A8B9D7;
			remoteInfo = CoreData_HW;
		};
/* End PBXContainerItemProxy section */

/* Begin PBXFileReference section */
		B1698D71249A52E900A8B9D7 /* CoreData_HW.app */ = {isa = PBXFileReference; explicitFileType = wrapper.application; includeInIndex = 0; path = CoreData_HW.app; sourceTree = BUILT_PRODUCTS_DIR; };
		B1698D74249A52E900A8B9D7 /* AppDelegate.h */ = {isa = PBXFileReference; lastKnownFileType = sourcecode.c.h; path = AppDelegate.h; sourceTree = "<group>"; };
		B1698D75249A52E900A8B9D7 /* AppDelegate.m */ = {isa = PBXFileReference; lastKnownFileType = sourcecode.c.objc; path = AppDelegate.m; sourceTree = "<group>"; };
		B1698D77249A52E900A8B9D7 /* SceneDelegate.h */ = {isa = PBXFileReference; lastKnownFileType = sourcecode.c.h; path = SceneDelegate.h; sourceTree = "<group>"; };
		B1698D78249A52E900A8B9D7 /* SceneDelegate.m */ = {isa = PBXFileReference; lastKnownFileType = sourcecode.c.objc; path = SceneDelegate.m; sourceTree = "<group>"; };
		B1698D7A249A52E900A8B9D7 /* ViewController.h */ = {isa = PBXFileReference; lastKnownFileType = sourcecode.c.h; path = ViewController.h; sourceTree = "<group>"; };
		B1698D7B249A52E900A8B9D7 /* ViewController.m */ = {isa = PBXFileReference; lastKnownFileType = sourcecode.c.objc; path = ViewController.m; sourceTree = "<group>"; };
		B1698D7E249A52E900A8B9D7 /* Base */ = {isa = PBXFileReference; lastKnownFileType = file.storyboard; name = Base; path = Base.lproj/Main.storyboard; sourceTree = "<group>"; };
		B1698D81249A52EA00A8B9D7 /* CoreData_HW.xcdatamodel */ = {isa = PBXFileReference; lastKnownFileType = wrapper.xcdatamodel; path = CoreData_HW.xcdatamodel; sourceTree = "<group>"; };
		B1698D83249A52ED00A8B9D7 /* Assets.xcassets */ = {isa = PBXFileReference; lastKnownFileType = folder.assetcatalog; path = Assets.xcassets; sourceTree = "<group>"; };
		B1698D86249A52ED00A8B9D7 /* Base */ = {isa = PBXFileReference; lastKnownFileType = file.storyboard; name = Base; path = Base.lproj/LaunchScreen.storyboard; sourceTree = "<group>"; };
		B1698D88249A52ED00A8B9D7 /* Info.plist */ = {isa = PBXFileReference; lastKnownFileType = text.plist.xml; path = Info.plist; sourceTree = "<group>"; };
		B1698D89249A52ED00A8B9D7 /* main.m */ = {isa = PBXFileReference; lastKnownFileType = sourcecode.c.objc; path = main.m; sourceTree = "<group>"; };
		B1698D8F249A52ED00A8B9D7 /* CoreData_HWTests.xctest */ = {isa = PBXFileReference; explicitFileType = wrapper.cfbundle; includeInIndex = 0; path = CoreData_HWTests.xctest; sourceTree = BUILT_PRODUCTS_DIR; };
		B1698D93249A52ED00A8B9D7 /* CoreData_HWTests.m */ = {isa = PBXFileReference; lastKnownFileType = sourcecode.c.objc; path = CoreData_HWTests.m; sourceTree = "<group>"; };
		B1698D95249A52ED00A8B9D7 /* Info.plist */ = {isa = PBXFileReference; lastKnownFileType = text.plist.xml; path = Info.plist; sourceTree = "<group>"; };
		B1698D9A249A52EE00A8B9D7 /* CoreData_HWUITests.xctest */ = {isa = PBXFileReference; explicitFileType = wrapper.cfbundle; includeInIndex = 0; path = CoreData_HWUITests.xctest; sourceTree = BUILT_PRODUCTS_DIR; };
		B1698D9E249A52EE00A8B9D7 /* CoreData_HWUITests.m */ = {isa = PBXFileReference; lastKnownFileType = sourcecode.c.objc; path = CoreData_HWUITests.m; sourceTree = "<group>"; };
		B1698DA0249A52EE00A8B9D7 /* Info.plist */ = {isa = PBXFileReference; lastKnownFileType = text.plist.xml; path = Info.plist; sourceTree = "<group>"; };
		B1C82B8D24A34834002571EB /* User+CoreDataProperties.h */ = {isa = PBXFileReference; lastKnownFileType = sourcecode.c.h; path = "User+CoreDataProperties.h"; sourceTree = "<group>"; };
		B1C82B8E24A34834002571EB /* User+CoreDataClass.h */ = {isa = PBXFileReference; lastKnownFileType = sourcecode.c.h; path = "User+CoreDataClass.h"; sourceTree = "<group>"; };
		B1C82B8F24A34834002571EB /* User+CoreDataClass.m */ = {isa = PBXFileReference; lastKnownFileType = sourcecode.c.objc; path = "User+CoreDataClass.m"; sourceTree = "<group>"; };
		B1C82B9024A34834002571EB /* User+CoreDataProperties.m */ = {isa = PBXFileReference; lastKnownFileType = sourcecode.c.objc; path = "User+CoreDataProperties.m"; sourceTree = "<group>"; };
		B1C82B9824A34CFE002571EB /* DataManager.h */ = {isa = PBXFileReference; lastKnownFileType = sourcecode.c.h; path = DataManager.h; sourceTree = "<group>"; };
		B1C82B9924A34CFE002571EB /* DataManager.m */ = {isa = PBXFileReference; lastKnownFileType = sourcecode.c.objc; path = DataManager.m; sourceTree = "<group>"; };
		B1C82B9B24A352D6002571EB /* CoreDataTableViewController.h */ = {isa = PBXFileReference; lastKnownFileType = sourcecode.c.h; path = CoreDataTableViewController.h; sourceTree = "<group>"; };
		B1C82B9C24A352D6002571EB /* CoreDataTableViewController.m */ = {isa = PBXFileReference; lastKnownFileType = sourcecode.c.objc; path = CoreDataTableViewController.m; sourceTree = "<group>"; };
/* End PBXFileReference section */

/* Begin PBXFrameworksBuildPhase section */
		B1698D6E249A52E900A8B9D7 /* Frameworks */ = {
			isa = PBXFrameworksBuildPhase;
			buildActionMask = 2147483647;
			files = (
			);
			runOnlyForDeploymentPostprocessing = 0;
		};
		B1698D8C249A52ED00A8B9D7 /* Frameworks */ = {
			isa = PBXFrameworksBuildPhase;
			buildActionMask = 2147483647;
			files = (
			);
			runOnlyForDeploymentPostprocessing = 0;
		};
		B1698D97249A52EE00A8B9D7 /* Frameworks */ = {
			isa = PBXFrameworksBuildPhase;
			buildActionMask = 2147483647;
			files = (
			);
			runOnlyForDeploymentPostprocessing = 0;
		};
/* End PBXFrameworksBuildPhase section */

/* Begin PBXGroup section */
		B1698D68249A52E900A8B9D7 = {
			isa = PBXGroup;
			children = (
				B1698D73249A52E900A8B9D7 /* CoreData_HW */,
				B1698D92249A52ED00A8B9D7 /* CoreData_HWTests */,
				B1698D9D249A52EE00A8B9D7 /* CoreData_HWUITests */,
				B1698D72249A52E900A8B9D7 /* Products */,
			);
			sourceTree = "<group>";
		};
		B1698D72249A52E900A8B9D7 /* Products */ = {
			isa = PBXGroup;
			children = (
				B1698D71249A52E900A8B9D7 /* CoreData_HW.app */,
				B1698D8F249A52ED00A8B9D7 /* CoreData_HWTests.xctest */,
				B1698D9A249A52EE00A8B9D7 /* CoreData_HWUITests.xctest */,
			);
			name = Products;
			sourceTree = "<group>";
		};
		B1698D73249A52E900A8B9D7 /* CoreData_HW */ = {
			isa = PBXGroup;
			children = (
				B1C82B9724A34CB3002571EB /* Controller */,
				B1C82B9624A34CAB002571EB /* View */,
				B1C82B9524A34CA0002571EB /* Model */,
				B1C82B8C24A347F5002571EB /* CoreData */,
				B1698D74249A52E900A8B9D7 /* AppDelegate.h */,
				B1698D75249A52E900A8B9D7 /* AppDelegate.m */,
				B1698D77249A52E900A8B9D7 /* SceneDelegate.h */,
				B1698D78249A52E900A8B9D7 /* SceneDelegate.m */,
				B1698D83249A52ED00A8B9D7 /* Assets.xcassets */,
				B1698D88249A52ED00A8B9D7 /* Info.plist */,
				B1698D89249A52ED00A8B9D7 /* main.m */,
				B1698D80249A52EA00A8B9D7 /* CoreData_HW.xcdatamodeld */,
			);
			path = CoreData_HW;
			sourceTree = "<group>";
		};
		B1698D92249A52ED00A8B9D7 /* CoreData_HWTests */ = {
			isa = PBXGroup;
			children = (
				B1698D93249A52ED00A8B9D7 /* CoreData_HWTests.m */,
				B1698D95249A52ED00A8B9D7 /* Info.plist */,
			);
			path = CoreData_HWTests;
			sourceTree = "<group>";
		};
		B1698D9D249A52EE00A8B9D7 /* CoreData_HWUITests */ = {
			isa = PBXGroup;
			children = (
				B1698D9E249A52EE00A8B9D7 /* CoreData_HWUITests.m */,
				B1698DA0249A52EE00A8B9D7 /* Info.plist */,
			);
			path = CoreData_HWUITests;
			sourceTree = "<group>";
		};
		B1C82B8C24A347F5002571EB /* CoreData */ = {
			isa = PBXGroup;
			children = (
				B1C82B8D24A34834002571EB /* User+CoreDataProperties.h */,
				B1C82B8E24A34834002571EB /* User+CoreDataClass.h */,
				B1C82B8F24A34834002571EB /* User+CoreDataClass.m */,
				B1C82B9024A34834002571EB /* User+CoreDataProperties.m */,
			);
			path = CoreData;
			sourceTree = "<group>";
		};
		B1C82B9524A34CA0002571EB /* Model */ = {
			isa = PBXGroup;
			children = (
				B1C82B9824A34CFE002571EB /* DataManager.h */,
				B1C82B9924A34CFE002571EB /* DataManager.m */,
			);
			path = Model;
			sourceTree = "<group>";
		};
		B1C82B9624A34CAB002571EB /* View */ = {
			isa = PBXGroup;
			children = (
				B1698D7D249A52E900A8B9D7 /* Main.storyboard */,
				B1698D85249A52ED00A8B9D7 /* LaunchScreen.storyboard */,
			);
			path = View;
			sourceTree = "<group>";
		};
		B1C82B9724A34CB3002571EB /* Controller */ = {
			isa = PBXGroup;
			children = (
				B1698D7A249A52E900A8B9D7 /* ViewController.h */,
				B1698D7B249A52E900A8B9D7 /* ViewController.m */,
				B1C82B9B24A352D6002571EB /* CoreDataTableViewController.h */,
				B1C82B9C24A352D6002571EB /* CoreDataTableViewController.m */,
			);
			path = Controller;
			sourceTree = "<group>";
		};
/* End PBXGroup section */

/* Begin PBXNativeTarget section */
		B1698D70249A52E900A8B9D7 /* CoreData_HW */ = {
			isa = PBXNativeTarget;
			buildConfigurationList = B1698DA3249A52EE00A8B9D7 /* Build configuration list for PBXNativeTarget "CoreData_HW" */;
			buildPhases = (
				B1698D6D249A52E900A8B9D7 /* Sources */,
				B1698D6E249A52E900A8B9D7 /* Frameworks */,
				B1698D6F249A52E900A8B9D7 /* Resources */,
			);
			buildRules = (
			);
			dependencies = (
			);
			name = CoreData_HW;
			productName = CoreData_HW;
			productReference = B1698D71249A52E900A8B9D7 /* CoreData_HW.app */;
			productType = "com.apple.product-type.application";
		};
		B1698D8E249A52ED00A8B9D7 /* CoreData_HWTests */ = {
			isa = PBXNativeTarget;
			buildConfigurationList = B1698DA6249A52EE00A8B9D7 /* Build configuration list for PBXNativeTarget "CoreData_HWTests" */;
			buildPhases = (
				B1698D8B249A52ED00A8B9D7 /* Sources */,
				B1698D8C249A52ED00A8B9D7 /* Frameworks */,
				B1698D8D249A52ED00A8B9D7 /* Resources */,
			);
			buildRules = (
			);
			dependencies = (
				B1698D91249A52ED00A8B9D7 /* PBXTargetDependency */,
			);
			name = CoreData_HWTests;
			productName = CoreData_HWTests;
			productReference = B1698D8F249A52ED00A8B9D7 /* CoreData_HWTests.xctest */;
			productType = "com.apple.product-type.bundle.unit-test";
		};
		B1698D99249A52EE00A8B9D7 /* CoreData_HWUITests */ = {
			isa = PBXNativeTarget;
			buildConfigurationList = B1698DA9249A52EE00A8B9D7 /* Build configuration list for PBXNativeTarget "CoreData_HWUITests" */;
			buildPhases = (
				B1698D96249A52EE00A8B9D7 /* Sources */,
				B1698D97249A52EE00A8B9D7 /* Frameworks */,
				B1698D98249A52EE00A8B9D7 /* Resources */,
			);
			buildRules = (
			);
			dependencies = (
				B1698D9C249A52EE00A8B9D7 /* PBXTargetDependency */,
			);
			name = CoreData_HWUITests;
			productName = CoreData_HWUITests;
			productReference = B1698D9A249A52EE00A8B9D7 /* CoreData_HWUITests.xctest */;
			productType = "com.apple.product-type.bundle.ui-testing";
		};
/* End PBXNativeTarget section */

/* Begin PBXProject section */
		B1698D69249A52E900A8B9D7 /* Project object */ = {
			isa = PBXProject;
			attributes = {
				LastUpgradeCheck = 1110;
				ORGANIZATIONNAME = com.kluv.hw24;
				TargetAttributes = {
					B1698D70249A52E900A8B9D7 = {
						CreatedOnToolsVersion = 11.1;
					};
					B1698D8E249A52ED00A8B9D7 = {
						CreatedOnToolsVersion = 11.1;
						TestTargetID = B1698D70249A52E900A8B9D7;
					};
					B1698D99249A52EE00A8B9D7 = {
						CreatedOnToolsVersion = 11.1;
						TestTargetID = B1698D70249A52E900A8B9D7;
					};
				};
			};
			buildConfigurationList = B1698D6C249A52E900A8B9D7 /* Build configuration list for PBXProject "CoreData_HW" */;
			compatibilityVersion = "Xcode 9.3";
			developmentRegion = en;
			hasScannedForEncodings = 0;
			knownRegions = (
				en,
				Base,
			);
			mainGroup = B1698D68249A52E900A8B9D7;
			productRefGroup = B1698D72249A52E900A8B9D7 /* Products */;
			projectDirPath = "";
			projectRoot = "";
			targets = (
				B1698D70249A52E900A8B9D7 /* CoreData_HW */,
				B1698D8E249A52ED00A8B9D7 /* CoreData_HWTests */,
				B1698D99249A52EE00A8B9D7 /* CoreData_HWUITests */,
			);
		};
/* End PBXProject section */

/* Begin PBXResourcesBuildPhase section */
		B1698D6F249A52E900A8B9D7 /* Resources */ = {
			isa = PBXResourcesBuildPhase;
			buildActionMask = 2147483647;
			files = (
				B1698D87249A52ED00A8B9D7 /* LaunchScreen.storyboard in Resources */,
				B1698D84249A52ED00A8B9D7 /* Assets.xcassets in Resources */,
				B1698D7F249A52E900A8B9D7 /* Main.storyboard in Resources */,
			);
			runOnlyForDeploymentPostprocessing = 0;
		};
		B1698D8D249A52ED00A8B9D7 /* Resources */ = {
			isa = PBXResourcesBuildPhase;
			buildActionMask = 2147483647;
			files = (
			);
			runOnlyForDeploymentPostprocessing = 0;
		};
		B1698D98249A52EE00A8B9D7 /* Resources */ = {
			isa = PBXResourcesBuildPhase;
			buildActionMask = 2147483647;
			files = (
			);
			runOnlyForDeploymentPostprocessing = 0;
		};
/* End PBXResourcesBuildPhase section */

/* Begin PBXSourcesBuildPhase section */
		B1698D6D249A52E900A8B9D7 /* Sources */ = {
			isa = PBXSourcesBuildPhase;
			buildActionMask = 2147483647;
			files = (
				B1C82B9424A34B26002571EB /* User+CoreDataProperties.m in Sources */,
				B1C82B9324A34B21002571EB /* User+CoreDataClass.m in Sources */,
				B1C82B9D24A352D6002571EB /* CoreDataTableViewController.m in Sources */,
				B1698D8A249A52ED00A8B9D7 /* main.m in Sources */,
				B1698D7C249A52E900A8B9D7 /* ViewController.m in Sources */,
				B1698D82249A52EA00A8B9D7 /* CoreData_HW.xcdatamodeld in Sources */,
				B1C82B9A24A34CFE002571EB /* DataManager.m in Sources */,
				B1698D76249A52E900A8B9D7 /* AppDelegate.m in Sources */,
				B1698D79249A52E900A8B9D7 /* SceneDelegate.m in Sources */,
			);
			runOnlyForDeploymentPostprocessing = 0;
		};
		B1698D8B249A52ED00A8B9D7 /* Sources */ = {
			isa = PBXSourcesBuildPhase;
			buildActionMask = 2147483647;
			files = (
				B1698D94249A52ED00A8B9D7 /* CoreData_HWTests.m in Sources */,
			);
			runOnlyForDeploymentPostprocessing = 0;
		};
		B1698D96249A52EE00A8B9D7 /* Sources */ = {
			isa = PBXSourcesBuildPhase;
			buildActionMask = 2147483647;
			files = (
				B1698D9F249A52EE00A8B9D7 /* CoreData_HWUITests.m in Sources */,
			);
			runOnlyForDeploymentPostprocessing = 0;
		};
/* End PBXSourcesBuildPhase section */

/* Begin PBXTargetDependency section */
		B1698D91249A52ED00A8B9D7 /* PBXTargetDependency */ = {
			isa = PBXTargetDependency;
			target = B1698D70249A52E900A8B9D7 /* CoreData_HW */;
			targetProxy = B1698D90249A52ED00A8B9D7 /* PBXContainerItemProxy */;
		};
		B1698D9C249A52EE00A8B9D7 /* PBXTargetDependency */ = {
			isa = PBXTargetDependency;
			target = B1698D70249A52E900A8B9D7 /* CoreData_HW */;
			targetProxy = B1698D9B249A52EE00A8B9D7 /* PBXContainerItemProxy */;
		};
/* End PBXTargetDependency section */

/* Begin PBXVariantGroup section */
		B1698D7D249A52E900A8B9D7 /* Main.storyboard */ = {
			isa = PBXVariantGroup;
			children = (
				B1698D7E249A52E900A8B9D7 /* Base */,
			);
			name = Main.storyboard;
			sourceTree = "<group>";
		};
		B1698D85249A52ED00A8B9D7 /* LaunchScreen.storyboard */ = {
			isa = PBXVariantGroup;
			children = (
				B1698D86249A52ED00A8B9D7 /* Base */,
			);
			name = LaunchScreen.storyboard;
			sourceTree = "<group>";
		};
/* End PBXVariantGroup section */

/* Begin XCBuildConfiguration section */
		B1698DA1249A52EE00A8B9D7 /* Debug */ = {
			isa = XCBuildConfiguration;
			buildSettings = {
				ALWAYS_SEARCH_USER_PATHS = NO;
				CLANG_ANALYZER_NONNULL = YES;
				CLANG_ANALYZER_NUMBER_OBJECT_CONVERSION = YES_AGGRESSIVE;
				CLANG_CXX_LANGUAGE_STANDARD = "gnu++14";
				CLANG_CXX_LIBRARY = "libc++";
				CLANG_ENABLE_MODULES = YES;
				CLANG_ENABLE_OBJC_ARC = YES;
				CLANG_ENABLE_OBJC_WEAK = YES;
				CLANG_WARN_BLOCK_CAPTURE_AUTORELEASING = YES;
				CLANG_WARN_BOOL_CONVERSION = YES;
				CLANG_WARN_COMMA = YES;
				CLANG_WARN_CONSTANT_CONVERSION = YES;
				CLANG_WARN_DEPRECATED_OBJC_IMPLEMENTATIONS = YES;
				CLANG_WARN_DIRECT_OBJC_ISA_USAGE = YES_ERROR;
				CLANG_WARN_DOCUMENTATION_COMMENTS = YES;
				CLANG_WARN_EMPTY_BODY = YES;
				CLANG_WARN_ENUM_CONVERSION = YES;
				CLANG_WARN_INFINITE_RECURSION = YES;
				CLANG_WARN_INT_CONVERSION = YES;
				CLANG_WARN_NON_LITERAL_NULL_CONVERSION = YES;
				CLANG_WARN_OBJC_IMPLICIT_RETAIN_SELF = YES;
				CLANG_WARN_OBJC_LITERAL_CONVERSION = YES;
				CLANG_WARN_OBJC_ROOT_CLASS = YES_ERROR;
				CLANG_WARN_RANGE_LOOP_ANALYSIS = YES;
				CLANG_WARN_STRICT_PROTOTYPES = YES;
				CLANG_WARN_SUSPICIOUS_MOVE = YES;
				CLANG_WARN_UNGUARDED_AVAILABILITY = YES_AGGRESSIVE;
				CLANG_WARN_UNREACHABLE_CODE = YES;
				CLANG_WARN__DUPLICATE_METHOD_MATCH = YES;
				COPY_PHASE_STRIP = NO;
				DEBUG_INFORMATION_FORMAT = dwarf;
				ENABLE_STRICT_OBJC_MSGSEND = YES;
				ENABLE_TESTABILITY = YES;
				GCC_C_LANGUAGE_STANDARD = gnu11;
				GCC_DYNAMIC_NO_PIC = NO;
				GCC_NO_COMMON_BLOCKS = YES;
				GCC_OPTIMIZATION_LEVEL = 0;
				GCC_PREPROCESSOR_DEFINITIONS = (
					"DEBUG=1",
					"$(inherited)",
				);
				GCC_WARN_64_TO_32_BIT_CONVERSION = YES;
				GCC_WARN_ABOUT_RETURN_TYPE = YES_ERROR;
				GCC_WARN_UNDECLARED_SELECTOR = YES;
				GCC_WARN_UNINITIALIZED_AUTOS = YES_AGGRESSIVE;
				GCC_WARN_UNUSED_FUNCTION = YES;
				GCC_WARN_UNUSED_VARIABLE = YES;
				IPHONEOS_DEPLOYMENT_TARGET = 13.1;
				MTL_ENABLE_DEBUG_INFO = INCLUDE_SOURCE;
				MTL_FAST_MATH = YES;
				ONLY_ACTIVE_ARCH = YES;
				SDKROOT = iphoneos;
			};
			name = Debug;
		};
		B1698DA2249A52EE00A8B9D7 /* Release */ = {
			isa = XCBuildConfiguration;
			buildSettings = {
				ALWAYS_SEARCH_USER_PATHS = NO;
				CLANG_ANALYZER_NONNULL = YES;
				CLANG_ANALYZER_NUMBER_OBJECT_CONVERSION = YES_AGGRESSIVE;
				CLANG_CXX_LANGUAGE_STANDARD = "gnu++14";
				CLANG_CXX_LIBRARY = "libc++";
				CLANG_ENABLE_MODULES = YES;
				CLANG_ENABLE_OBJC_ARC = YES;
				CLANG_ENABLE_OBJC_WEAK = YES;
				CLANG_WARN_BLOCK_CAPTURE_AUTORELEASING = YES;
				CLANG_WARN_BOOL_CONVERSION = YES;
				CLANG_WARN_COMMA = YES;
				CLANG_WARN_CONSTANT_CONVERSION = YES;
				CLANG_WARN_DEPRECATED_OBJC_IMPLEMENTATIONS = YES;
				CLANG_WARN_DIRECT_OBJC_ISA_USAGE = YES_ERROR;
				CLANG_WARN_DOCUMENTATION_COMMENTS = YES;
				CLANG_WARN_EMPTY_BODY = YES;
				CLANG_WARN_ENUM_CONVERSION = YES;
				CLANG_WARN_INFINITE_RECURSION = YES;
				CLANG_WARN_INT_CONVERSION = YES;
				CLANG_WARN_NON_LITERAL_NULL_CONVERSION = YES;
				CLANG_WARN_OBJC_IMPLICIT_RETAIN_SELF = YES;
				CLANG_WARN_OBJC_LITERAL_CONVERSION = YES;
				CLANG_WARN_OBJC_ROOT_CLASS = YES_ERROR;
				CLANG_WARN_RANGE_LOOP_ANALYSIS = YES;
				CLANG_WARN_STRICT_PROTOTYPES = YES;
				CLANG_WARN_SUSPICIOUS_MOVE = YES;
				CLANG_WARN_UNGUARDED_AVAILABILITY = YES_AGGRESSIVE;
				CLANG_WARN_UNREACHABLE_CODE = YES;
				CLANG_WARN__DUPLICATE_METHOD_MATCH = YES;
				COPY_PHASE_STRIP = NO;
				DEBUG_INFORMATION_FORMAT = "dwarf-with-dsym";
				ENABLE_NS_ASSERTIONS = NO;
				ENABLE_STRICT_OBJC_MSGSEND = YES;
				GCC_C_LANGUAGE_STANDARD = gnu11;
				GCC_NO_COMMON_BLOCKS = YES;
				GCC_WARN_64_TO_32_BIT_CONVERSION = YES;
				GCC_WARN_ABOUT_RETURN_TYPE = YES_ERROR;
				GCC_WARN_UNDECLARED_SELECTOR = YES;
				GCC_WARN_UNINITIALIZED_AUTOS = YES_AGGRESSIVE;
				GCC_WARN_UNUSED_FUNCTION = YES;
				GCC_WARN_UNUSED_VARIABLE = YES;
				IPHONEOS_DEPLOYMENT_TARGET = 13.1;
				MTL_ENABLE_DEBUG_INFO = NO;
				MTL_FAST_MATH = YES;
				SDKROOT = iphoneos;
				VALIDATE_PRODUCT = YES;
			};
			name = Release;
		};
		B1698DA4249A52EE00A8B9D7 /* Debug */ = {
			isa = XCBuildConfiguration;
			buildSettings = {
				ASSETCATALOG_COMPILER_APPICON_NAME = AppIcon;
				CODE_SIGN_STYLE = Automatic;
				DEVELOPMENT_TEAM = DUBTL9M98H;
				INFOPLIST_FILE = CoreData_HW/Info.plist;
				LD_RUNPATH_SEARCH_PATHS = (
					"$(inherited)",
					"@executable_path/Frameworks",
				);
				PRODUCT_BUNDLE_IDENTIFIER = "itotdel.kluv.CoreData-HW";
				PRODUCT_NAME = "$(TARGET_NAME)";
				TARGETED_DEVICE_FAMILY = "1,2";
			};
			name = Debug;
		};
		B1698DA5249A52EE00A8B9D7 /* Release */ = {
			isa = XCBuildConfiguration;
			buildSettings = {
				ASSETCATALOG_COMPILER_APPICON_NAME = AppIcon;
				CODE_SIGN_STYLE = Automatic;
				DEVELOPMENT_TEAM = DUBTL9M98H;
				INFOPLIST_FILE = CoreData_HW/Info.plist;
				LD_RUNPATH_SEARCH_PATHS = (
					"$(inherited)",
					"@executable_path/Frameworks",
				);
				PRODUCT_BUNDLE_IDENTIFIER = "itotdel.kluv.CoreData-HW";
				PRODUCT_NAME = "$(TARGET_NAME)";
				TARGETED_DEVICE_FAMILY = "1,2";
			};
			name = Release;
		};
		B1698DA7249A52EE00A8B9D7 /* Debug */ = {
			isa = XCBuildConfiguration;
			buildSettings = {
				BUNDLE_LOADER = "$(TEST_HOST)";
				CODE_SIGN_STYLE = Automatic;
				DEVELOPMENT_TEAM = DUBTL9M98H;
				INFOPLIST_FILE = CoreData_HWTests/Info.plist;
				IPHONEOS_DEPLOYMENT_TARGET = 13.1;
				LD_RUNPATH_SEARCH_PATHS = (
					"$(inherited)",
					"@executable_path/Frameworks",
					"@loader_path/Frameworks",
				);
				PRODUCT_BUNDLE_IDENTIFIER = "itotdel.kluv.CoreData-HWTests";
				PRODUCT_NAME = "$(TARGET_NAME)";
				TARGETED_DEVICE_FAMILY = "1,2";
				TEST_HOST = "$(BUILT_PRODUCTS_DIR)/CoreData_HW.app/CoreData_HW";
			};
			name = Debug;
		};
		B1698DA8249A52EE00A8B9D7 /* Release */ = {
			isa = XCBuildConfiguration;
			buildSettings = {
				BUNDLE_LOADER = "$(TEST_HOST)";
				CODE_SIGN_STYLE = Automatic;
				DEVELOPMENT_TEAM = DUBTL9M98H;
				INFOPLIST_FILE = CoreData_HWTests/Info.plist;
				IPHONEOS_DEPLOYMENT_TARGET = 13.1;
				LD_RUNPATH_SEARCH_PATHS = (
					"$(inherited)",
					"@executable_path/Frameworks",
					"@loader_path/Frameworks",
				);
				PRODUCT_BUNDLE_IDENTIFIER = "itotdel.kluv.CoreData-HWTests";
				PRODUCT_NAME = "$(TARGET_NAME)";
				TARGETED_DEVICE_FAMILY = "1,2";
				TEST_HOST = "$(BUILT_PRODUCTS_DIR)/CoreData_HW.app/CoreData_HW";
			};
			name = Release;
		};
		B1698DAA249A52EE00A8B9D7 /* Debug */ = {
			isa = XCBuildConfiguration;
			buildSettings = {
				CODE_SIGN_STYLE = Automatic;
				DEVELOPMENT_TEAM = DUBTL9M98H;
				INFOPLIST_FILE = CoreData_HWUITests/Info.plist;
				LD_RUNPATH_SEARCH_PATHS = (
					"$(inherited)",
					"@executable_path/Frameworks",
					"@loader_path/Frameworks",
				);
				PRODUCT_BUNDLE_IDENTIFIER = "itotdel.kluv.CoreData-HWUITests";
				PRODUCT_NAME = "$(TARGET_NAME)";
				TARGETED_DEVICE_FAMILY = "1,2";
				TEST_TARGET_NAME = CoreData_HW;
			};
			name = Debug;
		};
		B1698DAB249A52EE00A8B9D7 /* Release */ = {
			isa = XCBuildConfiguration;
			buildSettings = {
				CODE_SIGN_STYLE = Automatic;
				DEVELOPMENT_TEAM = DUBTL9M98H;
				INFOPLIST_FILE = CoreData_HWUITests/Info.plist;
				LD_RUNPATH_SEARCH_PATHS = (
					"$(inherited)",
					"@executable_path/Frameworks",
					"@loader_path/Frameworks",
				);
				PRODUCT_BUNDLE_IDENTIFIER = "itotdel.kluv.CoreData-HWUITests";
				PRODUCT_NAME = "$(TARGET_NAME)";
				TARGETED_DEVICE_FAMILY = "1,2";
				TEST_TARGET_NAME = CoreData_HW;
			};
			name = Release;
		};
/* End XCBuildConfiguration section */

/* Begin XCConfigurationList section */
		B1698D6C249A52E900A8B9D7 /* Build configuration list for PBXProject "CoreData_HW" */ = {
			isa = XCConfigurationList;
			buildConfigurations = (
				B1698DA1249A52EE00A8B9D7 /* Debug */,
				B1698DA2249A52EE00A8B9D7 /* Release */,
			);
			defaultConfigurationIsVisible = 0;
			defaultConfigurationName = Release;
		};
		B1698DA3249A52EE00A8B9D7 /* Build configuration list for PBXNativeTarget "CoreData_HW" */ = {
			isa = XCConfigurationList;
			buildConfigurations = (
				B1698DA4249A52EE00A8B9D7 /* Debug */,
				B1698DA5249A52EE00A8B9D7 /* Release */,
			);
			defaultConfigurationIsVisible = 0;
			defaultConfigurationName = Release;
		};
		B1698DA6249A52EE00A8B9D7 /* Build configuration list for PBXNativeTarget "CoreData_HWTests" */ = {
			isa = XCConfigurationList;
			buildConfigurations = (
				B1698DA7249A52EE00A8B9D7 /* Debug */,
				B1698DA8249A52EE00A8B9D7 /* Release */,
			);
			defaultConfigurationIsVisible = 0;
			defaultConfigurationName = Release;
		};
		B1698DA9249A52EE00A8B9D7 /* Build configuration list for PBXNativeTarget "CoreData_HWUITests" */ = {
			isa = XCConfigurationList;
			buildConfigurations = (
				B1698DAA249A52EE00A8B9D7 /* Debug */,
				B1698DAB249A52EE00A8B9D7 /* Release */,
			);
			defaultConfigurationIsVisible = 0;
			defaultConfigurationName = Release;
		};
/* End XCConfigurationList section */

/* Begin XCVersionGroup section */
		B1698D80249A52EA00A8B9D7 /* CoreData_HW.xcdatamodeld */ = {
			isa = XCVersionGroup;
			children = (
				B1698D81249A52EA00A8B9D7 /* CoreData_HW.xcdatamodel */,
			);
			currentVersion = B1698D81249A52EA00A8B9D7 /* CoreData_HW.xcdatamodel */;
			path = CoreData_HW.xcdatamodeld;
			sourceTree = "<group>";
			versionGroupType = wrapper.xcdatamodel;
		};
/* End XCVersionGroup section */
	};
	rootObject = B1698D69249A52E900A8B9D7 /* Project object */;
}
